
Microsoft Visual Studio Solution File, Format Version 12.00
# Visual Studio Version 17
VisualStudioVersion = 17.14.36518.9 d17.14
MinimumVisualStudioVersion = 10.0.40219.1
Project("{FAE04EC0-301F-11D3-BF4B-00C04F79EFBC}") = "Proiect_medii_turism", "Proiect_medii_turism\Proiect_medii_turism.csproj", "{F071B5C7-4C13-41FD-9CA4-F560F7EE5010}"
EndProject
Global
	GlobalSection(SolutionConfigurationPlatforms) = preSolution
		Debug|Any CPU = Debug|Any CPU
		Release|Any CPU = Release|Any CPU
	EndGlobalSection
	GlobalSection(ProjectConfigurationPlatforms) = postSolution
		{F071B5C7-4C13-41FD-9CA4-F560F7EE5010}.Debug|Any CPU.ActiveCfg = Debug|Any CPU
		{F071B5C7-4C13-41FD-9CA4-F560F7EE5010}.Debug|Any CPU.Build.0 = Debug|Any CPU
		{F071B5C7-4C13-41FD-9CA4-F560F7EE5010}.Release|Any CPU.ActiveCfg = Release|Any CPU
		{F071B5C7-4C13-41FD-9CA4-F560F7EE5010}.Release|Any CPU.Build.0 = Release|Any CPU
	EndGlobalSection
	GlobalSection(SolutionProperties) = preSolution
		HideSolutionNode = FALSE
	EndGlobalSection
	GlobalSection(ExtensibilityGlobals) = postSolution
		SolutionGuid = {B29165D5-8265-4031-9461-8E8B80CC1886}
	EndGlobalSection
EndGlobal
