
Microsoft Visual Studio Solution File, Format Version 12.00
# Visual Studio Version 17
VisualStudioVersion = 17.14.36518.9
MinimumVisualStudioVersion = 10.0.40219.1
Project("{FAE04EC0-301F-11D3-BF4B-00C04F79EFBC}") = "Proiect_medii", "..\Proiect_medii\Proiect_medii.csproj", "{D9CAE8C4-959E-6A83-6522-C8BFF3781733}"
EndProject
Project("{FAE04EC0-301F-11D3-BF4B-00C04F79EFBC}") = "Proiect_medii_turism", "..\Proiect_medii_web\Proiect_medii_turism\Proiect_medii_turism.csproj", "{AC31C39F-1B9F-4D2F-BD42-C677296C3C9D}"
EndProject
Global
	GlobalSection(SolutionConfigurationPlatforms) = preSolution
		Debug|Any CPU = Debug|Any CPU
		Release|Any CPU = Release|Any CPU
	EndGlobalSection
	GlobalSection(ProjectConfigurationPlatforms) = postSolution
		{D9CAE8C4-959E-6A83-6522-C8BFF3781733}.Debug|Any CPU.ActiveCfg = Debug|Any CPU
		{D9CAE8C4-959E-6A83-6522-C8BFF3781733}.Debug|Any CPU.Build.0 = Debug|Any CPU
		{D9CAE8C4-959E-6A83-6522-C8BFF3781733}.Release|Any CPU.ActiveCfg = Release|Any CPU
		{D9CAE8C4-959E-6A83-6522-C8BFF3781733}.Release|Any CPU.Build.0 = Release|Any CPU
		{AC31C39F-1B9F-4D2F-BD42-C677296C3C9D}.Debug|Any CPU.ActiveCfg = Debug|Any CPU
		{AC31C39F-1B9F-4D2F-BD42-C677296C3C9D}.Debug|Any CPU.Build.0 = Debug|Any CPU
		{AC31C39F-1B9F-4D2F-BD42-C677296C3C9D}.Release|Any CPU.ActiveCfg = Release|Any CPU
		{AC31C39F-1B9F-4D2F-BD42-C677296C3C9D}.Release|Any CPU.Build.0 = Release|Any CPU
	EndGlobalSection
	GlobalSection(SolutionProperties) = preSolution
		HideSolutionNode = FALSE
	EndGlobalSection
	GlobalSection(ExtensibilityGlobals) = postSolution
		SolutionGuid = {87AB7956-EAD0-47A7-95F2-1DCA788A4DA9}
	EndGlobalSection
EndGlobal
