
Microsoft Visual Studio Solution File, Format Version 12.00
# Visual Studio Version 17
VisualStudioVersion = 17.14.36518.9 d17.14
MinimumVisualStudioVersion = 10.0.40219.1
Project("{FAE04EC0-301F-11D3-BF4B-00C04F79EFBC}") = "Proiect_medii", "Proiect_medii.csproj", "{C81AEFF2-C854-4CA3-9148-469581D82D40}"
EndProject
Global
	GlobalSection(SolutionConfigurationPlatforms) = preSolution
		Debug|Any CPU = Debug|Any CPU
		Release|Any CPU = Release|Any CPU
	EndGlobalSection
	GlobalSection(ProjectConfigurationPlatforms) = postSolution
		{C81AEFF2-C854-4CA3-9148-469581D82D40}.Debug|Any CPU.ActiveCfg = Debug|Any CPU
		{C81AEFF2-C854-4CA3-9148-469581D82D40}.Debug|Any CPU.Build.0 = Debug|Any CPU
		{C81AEFF2-C854-4CA3-9148-469581D82D40}.Release|Any CPU.ActiveCfg = Release|Any CPU
		{C81AEFF2-C854-4CA3-9148-469581D82D40}.Release|Any CPU.Build.0 = Release|Any CPU
	EndGlobalSection
	GlobalSection(SolutionProperties) = preSolution
		HideSolutionNode = FALSE
	EndGlobalSection
	GlobalSection(ExtensibilityGlobals) = postSolution
		SolutionGuid = {29BAC57B-79A7-412C-9899-406F1801EEFB}
	EndGlobalSection
EndGlobal
